{
  "requires": true,
  "lockfileVersion": 1,
  "dependencies": {
    "@vercel/analytics": {
      "version": "1.4.1",
      "resolved": "https://registry.npmjs.org/@vercel/analytics/-/analytics-1.4.1.tgz",
      "integrity": "sha512-ekpL4ReX2TH3LnrRZTUKjHHNpNy9S1I7QmS+g/RQXoSUQ8ienzosuX7T9djZ/s8zPhBx1mpHP/Rw5875N+zQIQ=="
    }
  }
}
